
Microsoft Visual Studio Solution File, Format Version 12.00
# Visual Studio Version 17
VisualStudioVersion = 17.9.34622.214
MinimumVisualStudioVersion = 10.0.40219.1
Project("{FAE04EC0-301F-11D3-BF4B-00C04F79EFBC}") = "dotnet8test", "dotnet8test\dotnet8test.csproj", "{71671061-B175-4CA7-9CFA-ECC87A6033A2}"
EndProject
Global
	GlobalSection(SolutionConfigurationPlatforms) = preSolution
		Debug|Any CPU = Debug|Any CPU
		Release|Any CPU = Release|Any CPU
	EndGlobalSection
	GlobalSection(ProjectConfigurationPlatforms) = postSolution
		{71671061-B175-4CA7-9CFA-ECC87A6033A2}.Debug|Any CPU.ActiveCfg = Debug|Any CPU
		{71671061-B175-4CA7-9CFA-ECC87A6033A2}.Debug|Any CPU.Build.0 = Debug|Any CPU
		{71671061-B175-4CA7-9CFA-ECC87A6033A2}.Release|Any CPU.ActiveCfg = Release|Any CPU
		{71671061-B175-4CA7-9CFA-ECC87A6033A2}.Release|Any CPU.Build.0 = Release|Any CPU
	EndGlobalSection
	GlobalSection(SolutionProperties) = preSolution
		HideSolutionNode = FALSE
	EndGlobalSection
	GlobalSection(ExtensibilityGlobals) = postSolution
		SolutionGuid = {24906E51-5F3A-462D-BA82-A9A4C9605D35}
	EndGlobalSection
EndGlobal
